
Microsoft Visual Studio Solution File, Format Version 12.00
# Visual Studio Version 16
VisualStudioVersion = 16.0.810.12
MinimumVisualStudioVersion = 10.0.40219.1
Project("{9A19103F-16F7-4668-BE54-9A1E7A4F7556}") = "API", "API\API.csproj", "{21B6B7F3-A91D-4A93-A0DF-0483594C7802}"
EndProject
Project("{9A19103F-16F7-4668-BE54-9A1E7A4F7556}") = "Client", "Client\Client.csproj", "{9805530C-32E8-4947-B1AA-DDE22B98840F}"
EndProject
Global
	GlobalSection(SolutionConfigurationPlatforms) = preSolution
		Debug|Any CPU = Debug|Any CPU
		Release|Any CPU = Release|Any CPU
	EndGlobalSection
	GlobalSection(ProjectConfigurationPlatforms) = postSolution
		{21B6B7F3-A91D-4A93-A0DF-0483594C7802}.Debug|Any CPU.ActiveCfg = Debug|Any CPU
		{21B6B7F3-A91D-4A93-A0DF-0483594C7802}.Debug|Any CPU.Build.0 = Debug|Any CPU
		{21B6B7F3-A91D-4A93-A0DF-0483594C7802}.Release|Any CPU.ActiveCfg = Release|Any CPU
		{21B6B7F3-A91D-4A93-A0DF-0483594C7802}.Release|Any CPU.Build.0 = Release|Any CPU
		{9805530C-32E8-4947-B1AA-DDE22B98840F}.Debug|Any CPU.ActiveCfg = Debug|Any CPU
		{9805530C-32E8-4947-B1AA-DDE22B98840F}.Debug|Any CPU.Build.0 = Debug|Any CPU
		{9805530C-32E8-4947-B1AA-DDE22B98840F}.Release|Any CPU.ActiveCfg = Release|Any CPU
		{9805530C-32E8-4947-B1AA-DDE22B98840F}.Release|Any CPU.Build.0 = Release|Any CPU
	EndGlobalSection
	GlobalSection(SolutionProperties) = preSolution
		HideSolutionNode = FALSE
	EndGlobalSection
	GlobalSection(ExtensibilityGlobals) = postSolution
		SolutionGuid = {7F692E98-0B9F-4666-B661-5E6672669B05}
	EndGlobalSection
EndGlobal
